name: update-flake
on:
  workflow_dispatch: # allows manual triggering
  pull_request: # triggers on every Pull Request
  schedule:
    - cron: '0 * * * *' # runs every hour

permissions:
  contents: write
  pull-requests: write


jobs:
  lockfile:
    runs-on: ubuntu-latest
    steps:
      - uses: navikt/github-app-token-generator@v1
        id: get-token
        with:
          app-id: ${{ secrets.APP_ID }}
          private-key: ${{ secrets.PRIVATE_KEY }}
      - name: Checkout repository
        uses: actions/checkout@v4
      - name: Install Nix
        uses: DeterminateSystems/nix-installer-action@v1
      - name: Update flake.lock
        if: ${{ github.event_name != 'pull_request' }}
        uses: DeterminateSystems/update-flake-lock@main
        id: update
        with:
          path-to-flake-dir: '.'
          commit-msg: "chore(flake): bump flake"
          pr-title: "chore(flake): bump flake"
          token: ${{ steps.get-token.outputs.token }}
      - run: "gh pr merge --auto --merge ${{ steps.update.outputs.pull-request-number }}"
        env:
          GH_TOKEN: ${{ github.token }}
